
Microsoft Visual Studio Solution File, Format Version 12.00
# Visual Studio 15
Project("{FAE04EC0-301F-11D3-BF4B-00C04F79EFBC}") = "UnityEngine.TestRunner", "UnityEngine.TestRunner.csproj", "{95E5EDB1-6280-B3A3-C091-7AD5936C946D}"
EndProject
Project("{FAE04EC0-301F-11D3-BF4B-00C04F79EFBC}") = "Unity.Mathematics", "Unity.Mathematics.csproj", "{444753A9-A55C-DB71-39BC-D7ED8A8BC5BA}"
EndProject
Project("{FAE04EC0-301F-11D3-BF4B-00C04F79EFBC}") = "Unity.2D.Animation.Triangle.Runtime", "Unity.2D.Animation.Triangle.Runtime.csproj", "{DE591147-1752-7AB1-F4A6-AA12D4934D20}"
EndProject
Project("{FAE04EC0-301F-11D3-BF4B-00C04F79EFBC}") = "Unity.Timeline", "Unity.Timeline.csproj", "{6F140CA7-E971-4051-7AF2-B259901591D0}"
EndProject
Project("{FAE04EC0-301F-11D3-BF4B-00C04F79EFBC}") = "UnityEngine.UI", "UnityEngine.UI.csproj", "{C04F542D-7DEB-5FE2-EBAD-C119C9130D38}"
EndProject
Project("{FAE04EC0-301F-11D3-BF4B-00C04F79EFBC}") = "Unity.TextMeshPro", "Unity.TextMeshPro.csproj", "{ED7C05AB-19A4-332E-9FED-290B3FC50DCC}"
EndProject
Project("{FAE04EC0-301F-11D3-BF4B-00C04F79EFBC}") = "Unity.2D.Animation.Runtime", "Unity.2D.Animation.Runtime.csproj", "{F2004708-55AE-A241-8D7C-EC9270618C51}"
EndProject
Project("{FAE04EC0-301F-11D3-BF4B-00C04F79EFBC}") = "Unity.2D.IK.Runtime", "Unity.2D.IK.Runtime.csproj", "{4FE3906F-5791-0BAF-EA9B-009312E4FFB7}"
EndProject
Project("{FAE04EC0-301F-11D3-BF4B-00C04F79EFBC}") = "Unity.2D.SpriteShape.Runtime", "Unity.2D.SpriteShape.Runtime.csproj", "{F729BA5F-A171-8CEB-9062-741EA92ECF89}"
EndProject
Project("{FAE04EC0-301F-11D3-BF4B-00C04F79EFBC}") = "Assembly-CSharp", "Assembly-CSharp.csproj", "{5181AC19-FC4B-173E-387A-9F2E7DB9D235}"
EndProject
Project("{FAE04EC0-301F-11D3-BF4B-00C04F79EFBC}") = "Unity.2D.PixelPerfect", "Unity.2D.PixelPerfect.csproj", "{7C1081B4-9632-677B-38BF-05083367DA22}"
EndProject
Project("{FAE04EC0-301F-11D3-BF4B-00C04F79EFBC}") = "Unity.2D.Common.Runtime", "Unity.2D.Common.Runtime.csproj", "{F07E00E9-7906-3265-24F4-DAEBBCBB3F66}"
EndProject
Project("{FAE04EC0-301F-11D3-BF4B-00C04F79EFBC}") = "Unity.InternalAPIEngineBridge.001", "Unity.InternalAPIEngineBridge.001.csproj", "{EBCAE9BC-BE78-10AF-5679-EFDD52E14D7D}"
EndProject
Project("{FAE04EC0-301F-11D3-BF4B-00C04F79EFBC}") = "UnityEditor.TestRunner", "UnityEditor.TestRunner.csproj", "{A533CF5E-7DF7-E4BD-619F-29FCA7842B29}"
EndProject
Project("{FAE04EC0-301F-11D3-BF4B-00C04F79EFBC}") = "Unity.PlasticSCM.Editor", "Unity.PlasticSCM.Editor.csproj", "{7A3FD076-3455-E4F5-32F9-4CBAC209DCD2}"
EndProject
Project("{FAE04EC0-301F-11D3-BF4B-00C04F79EFBC}") = "UnityEditor.UI", "UnityEditor.UI.csproj", "{65BD5F01-B001-C114-EA06-7955D31FB184}"
EndProject
Project("{FAE04EC0-301F-11D3-BF4B-00C04F79EFBC}") = "Unity.Services.Core.Editor", "Unity.Services.Core.Editor.csproj", "{4CE7EB5E-6229-6D25-9159-4236AFF28564}"
EndProject
Project("{FAE04EC0-301F-11D3-BF4B-00C04F79EFBC}") = "Unity.Timeline.Editor", "Unity.Timeline.Editor.csproj", "{2E02F08A-5DBD-2385-5DAD-DF8D49301178}"
EndProject
Project("{FAE04EC0-301F-11D3-BF4B-00C04F79EFBC}") = "Unity.VisualStudio.Editor", "Unity.VisualStudio.Editor.csproj", "{3356190A-B020-D2CD-EF73-D67420A6DADF}"
EndProject
Project("{FAE04EC0-301F-11D3-BF4B-00C04F79EFBC}") = "Unity.2D.Psdimporter.Editor", "Unity.2D.Psdimporter.Editor.csproj", "{2C3703A5-7617-EB19-8B5A-3112045208CA}"
EndProject
Project("{FAE04EC0-301F-11D3-BF4B-00C04F79EFBC}") = "Unity.2D.Animation.Editor", "Unity.2D.Animation.Editor.csproj", "{CE05683F-2963-2F99-060E-BACC3352E423}"
EndProject
Project("{FAE04EC0-301F-11D3-BF4B-00C04F79EFBC}") = "Unity.TextMeshPro.Editor", "Unity.TextMeshPro.Editor.csproj", "{3C3DD720-6DFE-237A-E630-EACB3CECCF09}"
EndProject
Project("{FAE04EC0-301F-11D3-BF4B-00C04F79EFBC}") = "Unity.2D.SpriteShape.Editor", "Unity.2D.SpriteShape.Editor.csproj", "{019C1CA2-A146-4256-B721-89AC9D6860E1}"
EndProject
Project("{FAE04EC0-301F-11D3-BF4B-00C04F79EFBC}") = "Unity.CollabProxy.Editor", "Unity.CollabProxy.Editor.csproj", "{F3B907DF-CF06-3BBE-7F99-C09D86D9CB78}"
EndProject
Project("{FAE04EC0-301F-11D3-BF4B-00C04F79EFBC}") = "PsdPlugin", "PsdPlugin.csproj", "{2433850B-AF36-AB3A-388F-3DC40AEC2FE3}"
EndProject
Project("{FAE04EC0-301F-11D3-BF4B-00C04F79EFBC}") = "Unity.2D.Path.Editor", "Unity.2D.Path.Editor.csproj", "{C3FC821F-1486-A9B9-F3AD-E970731FDEB8}"
EndProject
Project("{FAE04EC0-301F-11D3-BF4B-00C04F79EFBC}") = "Unity.Rider.Editor", "Unity.Rider.Editor.csproj", "{1ABD0865-5F01-1A78-928D-FE01E8242174}"
EndProject
Project("{FAE04EC0-301F-11D3-BF4B-00C04F79EFBC}") = "Unity.2D.IK.Editor", "Unity.2D.IK.Editor.csproj", "{C3D02CB3-F36A-3CC0-44CE-C4FB2231409F}"
EndProject
Project("{FAE04EC0-301F-11D3-BF4B-00C04F79EFBC}") = "Unity.2D.Sprite.Editor", "Unity.2D.Sprite.Editor.csproj", "{BCEC178E-1A92-C72F-653B-93D79E5F860C}"
EndProject
Project("{FAE04EC0-301F-11D3-BF4B-00C04F79EFBC}") = "Unity.2D.Tilemap.Editor", "Unity.2D.Tilemap.Editor.csproj", "{D1D01487-CAB0-182E-EF0B-71EE9EF8B2C4}"
EndProject
Project("{FAE04EC0-301F-11D3-BF4B-00C04F79EFBC}") = "Unity.2D.PixelPerfect.Editor", "Unity.2D.PixelPerfect.Editor.csproj", "{1AD5F48D-4CBE-E5EE-FF25-EF80685CC23B}"
EndProject
Project("{FAE04EC0-301F-11D3-BF4B-00C04F79EFBC}") = "Unity.VSCode.Editor", "Unity.VSCode.Editor.csproj", "{0B15B401-9DC3-23DC-2F8B-499368384834}"
EndProject
Project("{FAE04EC0-301F-11D3-BF4B-00C04F79EFBC}") = "Unity.2D.Common.Editor", "Unity.2D.Common.Editor.csproj", "{F0D84ECC-C8B0-C0EF-8257-88CCD026FE1F}"
EndProject
Project("{FAE04EC0-301F-11D3-BF4B-00C04F79EFBC}") = "Unity.Mathematics.Editor", "Unity.Mathematics.Editor.csproj", "{FB8E1306-6D76-1A32-EC2D-1BB32B883811}"
EndProject
Project("{FAE04EC0-301F-11D3-BF4B-00C04F79EFBC}") = "Unity.InternalAPIEditorBridge.001", "Unity.InternalAPIEditorBridge.001.csproj", "{86F45B3D-4B9C-F23F-6FE3-B10A1F73BA70}"
EndProject
Project("{FAE04EC0-301F-11D3-BF4B-00C04F79EFBC}") = "UnityEngine.TestRunner", "UnityEngine.TestRunner.Player.csproj", "{5AE0A106-F9EE-8B3C-208F-6FDAB77C86F0}"
EndProject
Project("{FAE04EC0-301F-11D3-BF4B-00C04F79EFBC}") = "Unity.Mathematics", "Unity.Mathematics.Player.csproj", "{82547EC7-0A18-DD00-CB35-03D43DDE581C}"
EndProject
Project("{FAE04EC0-301F-11D3-BF4B-00C04F79EFBC}") = "Unity.2D.Animation.Triangle.Runtime", "Unity.2D.Animation.Triangle.Runtime.Player.csproj", "{D935D1FF-F2C9-E60F-E48F-9A5A20060BA7}"
EndProject
Project("{FAE04EC0-301F-11D3-BF4B-00C04F79EFBC}") = "Unity.Timeline", "Unity.Timeline.Player.csproj", "{79E2BA74-2F5D-D504-69E0-0FD5FF3DD80F}"
EndProject
Project("{FAE04EC0-301F-11D3-BF4B-00C04F79EFBC}") = "UnityEngine.UI", "UnityEngine.UI.Player.csproj", "{6B0DAEDF-A071-85A9-B565-B6F1A70B7714}"
EndProject
Project("{FAE04EC0-301F-11D3-BF4B-00C04F79EFBC}") = "Unity.TextMeshPro", "Unity.TextMeshPro.Player.csproj", "{0DCB5A4B-783D-223A-521D-0A654ED4C9D1}"
EndProject
Project("{FAE04EC0-301F-11D3-BF4B-00C04F79EFBC}") = "Unity.2D.Animation.Runtime", "Unity.2D.Animation.Runtime.Player.csproj", "{11A37B81-5021-AF09-E0F5-74CF0BD21AAA}"
EndProject
Project("{FAE04EC0-301F-11D3-BF4B-00C04F79EFBC}") = "Unity.2D.IK.Runtime", "Unity.2D.IK.Runtime.Player.csproj", "{685B06CB-DC15-5A77-1CE0-7F08C1FB3AA8}"
EndProject
Project("{FAE04EC0-301F-11D3-BF4B-00C04F79EFBC}") = "Unity.2D.SpriteShape.Runtime", "Unity.2D.SpriteShape.Runtime.Player.csproj", "{3DD1CCD1-067F-7655-4991-FB80FBDEB3CD}"
EndProject
Project("{FAE04EC0-301F-11D3-BF4B-00C04F79EFBC}") = "Assembly-CSharp", "Assembly-CSharp.Player.csproj", "{8BF1E889-F244-05B9-F5DE-87F70D5B59DD}"
EndProject
Project("{FAE04EC0-301F-11D3-BF4B-00C04F79EFBC}") = "Unity.2D.PixelPerfect", "Unity.2D.PixelPerfect.Player.csproj", "{8EE9D27D-DBCE-5C2B-6E2C-3D43DD274324}"
EndProject
Project("{FAE04EC0-301F-11D3-BF4B-00C04F79EFBC}") = "Unity.2D.Common.Runtime", "Unity.2D.Common.Runtime.Player.csproj", "{AD324492-C2B7-6390-F6B9-D0390471B736}"
EndProject
Project("{FAE04EC0-301F-11D3-BF4B-00C04F79EFBC}") = "Unity.InternalAPIEngineBridge.001", "Unity.InternalAPIEngineBridge.001.Player.csproj", "{CDE90575-DFBA-48F8-17AE-95106079B08D}"
EndProject
Global
	GlobalSection(SolutionConfigurationPlatforms) = preSolution
		Debug|Any CPU = Debug|Any CPU
		Release|Any CPU = Release|Any CPU
	EndGlobalSection
	GlobalSection(ProjectConfigurationPlatforms) = postSolution
		{95E5EDB1-6280-B3A3-C091-7AD5936C946D}.Debug|Any CPU.ActiveCfg = Debug|Any CPU
		{95E5EDB1-6280-B3A3-C091-7AD5936C946D}.Debug|Any CPU.Build.0 = Debug|Any CPU
		{95E5EDB1-6280-B3A3-C091-7AD5936C946D}.Release|Any CPU.ActiveCfg = Release|Any CPU
		{95E5EDB1-6280-B3A3-C091-7AD5936C946D}.Release|Any CPU.Build.0 = Release|Any CPU
		{444753A9-A55C-DB71-39BC-D7ED8A8BC5BA}.Debug|Any CPU.ActiveCfg = Debug|Any CPU
		{444753A9-A55C-DB71-39BC-D7ED8A8BC5BA}.Debug|Any CPU.Build.0 = Debug|Any CPU
		{444753A9-A55C-DB71-39BC-D7ED8A8BC5BA}.Release|Any CPU.ActiveCfg = Release|Any CPU
		{444753A9-A55C-DB71-39BC-D7ED8A8BC5BA}.Release|Any CPU.Build.0 = Release|Any CPU
		{DE591147-1752-7AB1-F4A6-AA12D4934D20}.Debug|Any CPU.ActiveCfg = Debug|Any CPU
		{DE591147-1752-7AB1-F4A6-AA12D4934D20}.Debug|Any CPU.Build.0 = Debug|Any CPU
		{DE591147-1752-7AB1-F4A6-AA12D4934D20}.Release|Any CPU.ActiveCfg = Release|Any CPU
		{DE591147-1752-7AB1-F4A6-AA12D4934D20}.Release|Any CPU.Build.0 = Release|Any CPU
		{6F140CA7-E971-4051-7AF2-B259901591D0}.Debug|Any CPU.ActiveCfg = Debug|Any CPU
		{6F140CA7-E971-4051-7AF2-B259901591D0}.Debug|Any CPU.Build.0 = Debug|Any CPU
		{6F140CA7-E971-4051-7AF2-B259901591D0}.Release|Any CPU.ActiveCfg = Release|Any CPU
		{6F140CA7-E971-4051-7AF2-B259901591D0}.Release|Any CPU.Build.0 = Release|Any CPU
		{C04F542D-7DEB-5FE2-EBAD-C119C9130D38}.Debug|Any CPU.ActiveCfg = Debug|Any CPU
		{C04F542D-7DEB-5FE2-EBAD-C119C9130D38}.Debug|Any CPU.Build.0 = Debug|Any CPU
		{C04F542D-7DEB-5FE2-EBAD-C119C9130D38}.Release|Any CPU.ActiveCfg = Release|Any CPU
		{C04F542D-7DEB-5FE2-EBAD-C119C9130D38}.Release|Any CPU.Build.0 = Release|Any CPU
		{ED7C05AB-19A4-332E-9FED-290B3FC50DCC}.Debug|Any CPU.ActiveCfg = Debug|Any CPU
		{ED7C05AB-19A4-332E-9FED-290B3FC50DCC}.Debug|Any CPU.Build.0 = Debug|Any CPU
		{ED7C05AB-19A4-332E-9FED-290B3FC50DCC}.Release|Any CPU.ActiveCfg = Release|Any CPU
		{ED7C05AB-19A4-332E-9FED-290B3FC50DCC}.Release|Any CPU.Build.0 = Release|Any CPU
		{F2004708-55AE-A241-8D7C-EC9270618C51}.Debug|Any CPU.ActiveCfg = Debug|Any CPU
		{F2004708-55AE-A241-8D7C-EC9270618C51}.Debug|Any CPU.Build.0 = Debug|Any CPU
		{F2004708-55AE-A241-8D7C-EC9270618C51}.Release|Any CPU.ActiveCfg = Release|Any CPU
		{F2004708-55AE-A241-8D7C-EC9270618C51}.Release|Any CPU.Build.0 = Release|Any CPU
		{4FE3906F-5791-0BAF-EA9B-009312E4FFB7}.Debug|Any CPU.ActiveCfg = Debug|Any CPU
		{4FE3906F-5791-0BAF-EA9B-009312E4FFB7}.Debug|Any CPU.Build.0 = Debug|Any CPU
		{4FE3906F-5791-0BAF-EA9B-009312E4FFB7}.Release|Any CPU.ActiveCfg = Release|Any CPU
		{4FE3906F-5791-0BAF-EA9B-009312E4FFB7}.Release|Any CPU.Build.0 = Release|Any CPU
		{F729BA5F-A171-8CEB-9062-741EA92ECF89}.Debug|Any CPU.ActiveCfg = Debug|Any CPU
		{F729BA5F-A171-8CEB-9062-741EA92ECF89}.Debug|Any CPU.Build.0 = Debug|Any CPU
		{F729BA5F-A171-8CEB-9062-741EA92ECF89}.Release|Any CPU.ActiveCfg = Release|Any CPU
		{F729BA5F-A171-8CEB-9062-741EA92ECF89}.Release|Any CPU.Build.0 = Release|Any CPU
		{5181AC19-FC4B-173E-387A-9F2E7DB9D235}.Debug|Any CPU.ActiveCfg = Debug|Any CPU
		{5181AC19-FC4B-173E-387A-9F2E7DB9D235}.Debug|Any CPU.Build.0 = Debug|Any CPU
		{5181AC19-FC4B-173E-387A-9F2E7DB9D235}.Release|Any CPU.ActiveCfg = Release|Any CPU
		{5181AC19-FC4B-173E-387A-9F2E7DB9D235}.Release|Any CPU.Build.0 = Release|Any CPU
		{7C1081B4-9632-677B-38BF-05083367DA22}.Debug|Any CPU.ActiveCfg = Debug|Any CPU
		{7C1081B4-9632-677B-38BF-05083367DA22}.Debug|Any CPU.Build.0 = Debug|Any CPU
		{7C1081B4-9632-677B-38BF-05083367DA22}.Release|Any CPU.ActiveCfg = Release|Any CPU
		{7C1081B4-9632-677B-38BF-05083367DA22}.Release|Any CPU.Build.0 = Release|Any CPU
		{F07E00E9-7906-3265-24F4-DAEBBCBB3F66}.Debug|Any CPU.ActiveCfg = Debug|Any CPU
		{F07E00E9-7906-3265-24F4-DAEBBCBB3F66}.Debug|Any CPU.Build.0 = Debug|Any CPU
		{F07E00E9-7906-3265-24F4-DAEBBCBB3F66}.Release|Any CPU.ActiveCfg = Release|Any CPU
		{F07E00E9-7906-3265-24F4-DAEBBCBB3F66}.Release|Any CPU.Build.0 = Release|Any CPU
		{EBCAE9BC-BE78-10AF-5679-EFDD52E14D7D}.Debug|Any CPU.ActiveCfg = Debug|Any CPU
		{EBCAE9BC-BE78-10AF-5679-EFDD52E14D7D}.Debug|Any CPU.Build.0 = Debug|Any CPU
		{EBCAE9BC-BE78-10AF-5679-EFDD52E14D7D}.Release|Any CPU.ActiveCfg = Release|Any CPU
		{EBCAE9BC-BE78-10AF-5679-EFDD52E14D7D}.Release|Any CPU.Build.0 = Release|Any CPU
		{A533CF5E-7DF7-E4BD-619F-29FCA7842B29}.Debug|Any CPU.ActiveCfg = Debug|Any CPU
		{A533CF5E-7DF7-E4BD-619F-29FCA7842B29}.Debug|Any CPU.Build.0 = Debug|Any CPU
		{A533CF5E-7DF7-E4BD-619F-29FCA7842B29}.Release|Any CPU.ActiveCfg = Release|Any CPU
		{A533CF5E-7DF7-E4BD-619F-29FCA7842B29}.Release|Any CPU.Build.0 = Release|Any CPU
		{7A3FD076-3455-E4F5-32F9-4CBAC209DCD2}.Debug|Any CPU.ActiveCfg = Debug|Any CPU
		{7A3FD076-3455-E4F5-32F9-4CBAC209DCD2}.Debug|Any CPU.Build.0 = Debug|Any CPU
		{7A3FD076-3455-E4F5-32F9-4CBAC209DCD2}.Release|Any CPU.ActiveCfg = Release|Any CPU
		{7A3FD076-3455-E4F5-32F9-4CBAC209DCD2}.Release|Any CPU.Build.0 = Release|Any CPU
		{65BD5F01-B001-C114-EA06-7955D31FB184}.Debug|Any CPU.ActiveCfg = Debug|Any CPU
		{65BD5F01-B001-C114-EA06-7955D31FB184}.Debug|Any CPU.Build.0 = Debug|Any CPU
		{65BD5F01-B001-C114-EA06-7955D31FB184}.Release|Any CPU.ActiveCfg = Release|Any CPU
		{65BD5F01-B001-C114-EA06-7955D31FB184}.Release|Any CPU.Build.0 = Release|Any CPU
		{4CE7EB5E-6229-6D25-9159-4236AFF28564}.Debug|Any CPU.ActiveCfg = Debug|Any CPU
		{4CE7EB5E-6229-6D25-9159-4236AFF28564}.Debug|Any CPU.Build.0 = Debug|Any CPU
		{4CE7EB5E-6229-6D25-9159-4236AFF28564}.Release|Any CPU.ActiveCfg = Release|Any CPU
		{4CE7EB5E-6229-6D25-9159-4236AFF28564}.Release|Any CPU.Build.0 = Release|Any CPU
		{2E02F08A-5DBD-2385-5DAD-DF8D49301178}.Debug|Any CPU.ActiveCfg = Debug|Any CPU
		{2E02F08A-5DBD-2385-5DAD-DF8D49301178}.Debug|Any CPU.Build.0 = Debug|Any CPU
		{2E02F08A-5DBD-2385-5DAD-DF8D49301178}.Release|Any CPU.ActiveCfg = Release|Any CPU
		{2E02F08A-5DBD-2385-5DAD-DF8D49301178}.Release|Any CPU.Build.0 = Release|Any CPU
		{3356190A-B020-D2CD-EF73-D67420A6DADF}.Debug|Any CPU.ActiveCfg = Debug|Any CPU
		{3356190A-B020-D2CD-EF73-D67420A6DADF}.Debug|Any CPU.Build.0 = Debug|Any CPU
		{3356190A-B020-D2CD-EF73-D67420A6DADF}.Release|Any CPU.ActiveCfg = Release|Any CPU
		{3356190A-B020-D2CD-EF73-D67420A6DADF}.Release|Any CPU.Build.0 = Release|Any CPU
		{2C3703A5-7617-EB19-8B5A-3112045208CA}.Debug|Any CPU.ActiveCfg = Debug|Any CPU
		{2C3703A5-7617-EB19-8B5A-3112045208CA}.Debug|Any CPU.Build.0 = Debug|Any CPU
		{2C3703A5-7617-EB19-8B5A-3112045208CA}.Release|Any CPU.ActiveCfg = Release|Any CPU
		{2C3703A5-7617-EB19-8B5A-3112045208CA}.Release|Any CPU.Build.0 = Release|Any CPU
		{CE05683F-2963-2F99-060E-BACC3352E423}.Debug|Any CPU.ActiveCfg = Debug|Any CPU
		{CE05683F-2963-2F99-060E-BACC3352E423}.Debug|Any CPU.Build.0 = Debug|Any CPU
		{CE05683F-2963-2F99-060E-BACC3352E423}.Release|Any CPU.ActiveCfg = Release|Any CPU
		{CE05683F-2963-2F99-060E-BACC3352E423}.Release|Any CPU.Build.0 = Release|Any CPU
		{3C3DD720-6DFE-237A-E630-EACB3CECCF09}.Debug|Any CPU.ActiveCfg = Debug|Any CPU
		{3C3DD720-6DFE-237A-E630-EACB3CECCF09}.Debug|Any CPU.Build.0 = Debug|Any CPU
		{3C3DD720-6DFE-237A-E630-EACB3CECCF09}.Release|Any CPU.ActiveCfg = Release|Any CPU
		{3C3DD720-6DFE-237A-E630-EACB3CECCF09}.Release|Any CPU.Build.0 = Release|Any CPU
		{019C1CA2-A146-4256-B721-89AC9D6860E1}.Debug|Any CPU.ActiveCfg = Debug|Any CPU
		{019C1CA2-A146-4256-B721-89AC9D6860E1}.Debug|Any CPU.Build.0 = Debug|Any CPU
		{019C1CA2-A146-4256-B721-89AC9D6860E1}.Release|Any CPU.ActiveCfg = Release|Any CPU
		{019C1CA2-A146-4256-B721-89AC9D6860E1}.Release|Any CPU.Build.0 = Release|Any CPU
		{F3B907DF-CF06-3BBE-7F99-C09D86D9CB78}.Debug|Any CPU.ActiveCfg = Debug|Any CPU
		{F3B907DF-CF06-3BBE-7F99-C09D86D9CB78}.Debug|Any CPU.Build.0 = Debug|Any CPU
		{F3B907DF-CF06-3BBE-7F99-C09D86D9CB78}.Release|Any CPU.ActiveCfg = Release|Any CPU
		{F3B907DF-CF06-3BBE-7F99-C09D86D9CB78}.Release|Any CPU.Build.0 = Release|Any CPU
		{2433850B-AF36-AB3A-388F-3DC40AEC2FE3}.Debug|Any CPU.ActiveCfg = Debug|Any CPU
		{2433850B-AF36-AB3A-388F-3DC40AEC2FE3}.Debug|Any CPU.Build.0 = Debug|Any CPU
		{2433850B-AF36-AB3A-388F-3DC40AEC2FE3}.Release|Any CPU.ActiveCfg = Release|Any CPU
		{2433850B-AF36-AB3A-388F-3DC40AEC2FE3}.Release|Any CPU.Build.0 = Release|Any CPU
		{C3FC821F-1486-A9B9-F3AD-E970731FDEB8}.Debug|Any CPU.ActiveCfg = Debug|Any CPU
		{C3FC821F-1486-A9B9-F3AD-E970731FDEB8}.Debug|Any CPU.Build.0 = Debug|Any CPU
		{C3FC821F-1486-A9B9-F3AD-E970731FDEB8}.Release|Any CPU.ActiveCfg = Release|Any CPU
		{C3FC821F-1486-A9B9-F3AD-E970731FDEB8}.Release|Any CPU.Build.0 = Release|Any CPU
		{1ABD0865-5F01-1A78-928D-FE01E8242174}.Debug|Any CPU.ActiveCfg = Debug|Any CPU
		{1ABD0865-5F01-1A78-928D-FE01E8242174}.Debug|Any CPU.Build.0 = Debug|Any CPU
		{1ABD0865-5F01-1A78-928D-FE01E8242174}.Release|Any CPU.ActiveCfg = Release|Any CPU
		{1ABD0865-5F01-1A78-928D-FE01E8242174}.Release|Any CPU.Build.0 = Release|Any CPU
		{C3D02CB3-F36A-3CC0-44CE-C4FB2231409F}.Debug|Any CPU.ActiveCfg = Debug|Any CPU
		{C3D02CB3-F36A-3CC0-44CE-C4FB2231409F}.Debug|Any CPU.Build.0 = Debug|Any CPU
		{C3D02CB3-F36A-3CC0-44CE-C4FB2231409F}.Release|Any CPU.ActiveCfg = Release|Any CPU
		{C3D02CB3-F36A-3CC0-44CE-C4FB2231409F}.Release|Any CPU.Build.0 = Release|Any CPU
		{BCEC178E-1A92-C72F-653B-93D79E5F860C}.Debug|Any CPU.ActiveCfg = Debug|Any CPU
		{BCEC178E-1A92-C72F-653B-93D79E5F860C}.Debug|Any CPU.Build.0 = Debug|Any CPU
		{BCEC178E-1A92-C72F-653B-93D79E5F860C}.Release|Any CPU.ActiveCfg = Release|Any CPU
		{BCEC178E-1A92-C72F-653B-93D79E5F860C}.Release|Any CPU.Build.0 = Release|Any CPU
		{D1D01487-CAB0-182E-EF0B-71EE9EF8B2C4}.Debug|Any CPU.ActiveCfg = Debug|Any CPU
		{D1D01487-CAB0-182E-EF0B-71EE9EF8B2C4}.Debug|Any CPU.Build.0 = Debug|Any CPU
		{D1D01487-CAB0-182E-EF0B-71EE9EF8B2C4}.Release|Any CPU.ActiveCfg = Release|Any CPU
		{D1D01487-CAB0-182E-EF0B-71EE9EF8B2C4}.Release|Any CPU.Build.0 = Release|Any CPU
		{1AD5F48D-4CBE-E5EE-FF25-EF80685CC23B}.Debug|Any CPU.ActiveCfg = Debug|Any CPU
		{1AD5F48D-4CBE-E5EE-FF25-EF80685CC23B}.Debug|Any CPU.Build.0 = Debug|Any CPU
		{1AD5F48D-4CBE-E5EE-FF25-EF80685CC23B}.Release|Any CPU.ActiveCfg = Release|Any CPU
		{1AD5F48D-4CBE-E5EE-FF25-EF80685CC23B}.Release|Any CPU.Build.0 = Release|Any CPU
		{0B15B401-9DC3-23DC-2F8B-499368384834}.Debug|Any CPU.ActiveCfg = Debug|Any CPU
		{0B15B401-9DC3-23DC-2F8B-499368384834}.Debug|Any CPU.Build.0 = Debug|Any CPU
		{0B15B401-9DC3-23DC-2F8B-499368384834}.Release|Any CPU.ActiveCfg = Release|Any CPU
		{0B15B401-9DC3-23DC-2F8B-499368384834}.Release|Any CPU.Build.0 = Release|Any CPU
		{F0D84ECC-C8B0-C0EF-8257-88CCD026FE1F}.Debug|Any CPU.ActiveCfg = Debug|Any CPU
		{F0D84ECC-C8B0-C0EF-8257-88CCD026FE1F}.Debug|Any CPU.Build.0 = Debug|Any CPU
		{F0D84ECC-C8B0-C0EF-8257-88CCD026FE1F}.Release|Any CPU.ActiveCfg = Release|Any CPU
		{F0D84ECC-C8B0-C0EF-8257-88CCD026FE1F}.Release|Any CPU.Build.0 = Release|Any CPU
		{FB8E1306-6D76-1A32-EC2D-1BB32B883811}.Debug|Any CPU.ActiveCfg = Debug|Any CPU
		{FB8E1306-6D76-1A32-EC2D-1BB32B883811}.Debug|Any CPU.Build.0 = Debug|Any CPU
		{FB8E1306-6D76-1A32-EC2D-1BB32B883811}.Release|Any CPU.ActiveCfg = Release|Any CPU
		{FB8E1306-6D76-1A32-EC2D-1BB32B883811}.Release|Any CPU.Build.0 = Release|Any CPU
		{86F45B3D-4B9C-F23F-6FE3-B10A1F73BA70}.Debug|Any CPU.ActiveCfg = Debug|Any CPU
		{86F45B3D-4B9C-F23F-6FE3-B10A1F73BA70}.Debug|Any CPU.Build.0 = Debug|Any CPU
		{86F45B3D-4B9C-F23F-6FE3-B10A1F73BA70}.Release|Any CPU.ActiveCfg = Release|Any CPU
		{86F45B3D-4B9C-F23F-6FE3-B10A1F73BA70}.Release|Any CPU.Build.0 = Release|Any CPU
		{5AE0A106-F9EE-8B3C-208F-6FDAB77C86F0}.Debug|Any CPU.ActiveCfg = Debug|Any CPU
		{5AE0A106-F9EE-8B3C-208F-6FDAB77C86F0}.Debug|Any CPU.Build.0 = Debug|Any CPU
		{5AE0A106-F9EE-8B3C-208F-6FDAB77C86F0}.Release|Any CPU.ActiveCfg = Release|Any CPU
		{5AE0A106-F9EE-8B3C-208F-6FDAB77C86F0}.Release|Any CPU.Build.0 = Release|Any CPU
		{82547EC7-0A18-DD00-CB35-03D43DDE581C}.Debug|Any CPU.ActiveCfg = Debug|Any CPU
		{82547EC7-0A18-DD00-CB35-03D43DDE581C}.Debug|Any CPU.Build.0 = Debug|Any CPU
		{82547EC7-0A18-DD00-CB35-03D43DDE581C}.Release|Any CPU.ActiveCfg = Release|Any CPU
		{82547EC7-0A18-DD00-CB35-03D43DDE581C}.Release|Any CPU.Build.0 = Release|Any CPU
		{D935D1FF-F2C9-E60F-E48F-9A5A20060BA7}.Debug|Any CPU.ActiveCfg = Debug|Any CPU
		{D935D1FF-F2C9-E60F-E48F-9A5A20060BA7}.Debug|Any CPU.Build.0 = Debug|Any CPU
		{D935D1FF-F2C9-E60F-E48F-9A5A20060BA7}.Release|Any CPU.ActiveCfg = Release|Any CPU
		{D935D1FF-F2C9-E60F-E48F-9A5A20060BA7}.Release|Any CPU.Build.0 = Release|Any CPU
		{79E2BA74-2F5D-D504-69E0-0FD5FF3DD80F}.Debug|Any CPU.ActiveCfg = Debug|Any CPU
		{79E2BA74-2F5D-D504-69E0-0FD5FF3DD80F}.Debug|Any CPU.Build.0 = Debug|Any CPU
		{79E2BA74-2F5D-D504-69E0-0FD5FF3DD80F}.Release|Any CPU.ActiveCfg = Release|Any CPU
		{79E2BA74-2F5D-D504-69E0-0FD5FF3DD80F}.Release|Any CPU.Build.0 = Release|Any CPU
		{6B0DAEDF-A071-85A9-B565-B6F1A70B7714}.Debug|Any CPU.ActiveCfg = Debug|Any CPU
		{6B0DAEDF-A071-85A9-B565-B6F1A70B7714}.Debug|Any CPU.Build.0 = Debug|Any CPU
		{6B0DAEDF-A071-85A9-B565-B6F1A70B7714}.Release|Any CPU.ActiveCfg = Release|Any CPU
		{6B0DAEDF-A071-85A9-B565-B6F1A70B7714}.Release|Any CPU.Build.0 = Release|Any CPU
		{0DCB5A4B-783D-223A-521D-0A654ED4C9D1}.Debug|Any CPU.ActiveCfg = Debug|Any CPU
		{0DCB5A4B-783D-223A-521D-0A654ED4C9D1}.Debug|Any CPU.Build.0 = Debug|Any CPU
		{0DCB5A4B-783D-223A-521D-0A654ED4C9D1}.Release|Any CPU.ActiveCfg = Release|Any CPU
		{0DCB5A4B-783D-223A-521D-0A654ED4C9D1}.Release|Any CPU.Build.0 = Release|Any CPU
		{11A37B81-5021-AF09-E0F5-74CF0BD21AAA}.Debug|Any CPU.ActiveCfg = Debug|Any CPU
		{11A37B81-5021-AF09-E0F5-74CF0BD21AAA}.Debug|Any CPU.Build.0 = Debug|Any CPU
		{11A37B81-5021-AF09-E0F5-74CF0BD21AAA}.Release|Any CPU.ActiveCfg = Release|Any CPU
		{11A37B81-5021-AF09-E0F5-74CF0BD21AAA}.Release|Any CPU.Build.0 = Release|Any CPU
		{685B06CB-DC15-5A77-1CE0-7F08C1FB3AA8}.Debug|Any CPU.ActiveCfg = Debug|Any CPU
		{685B06CB-DC15-5A77-1CE0-7F08C1FB3AA8}.Debug|Any CPU.Build.0 = Debug|Any CPU
		{685B06CB-DC15-5A77-1CE0-7F08C1FB3AA8}.Release|Any CPU.ActiveCfg = Release|Any CPU
		{685B06CB-DC15-5A77-1CE0-7F08C1FB3AA8}.Release|Any CPU.Build.0 = Release|Any CPU
		{3DD1CCD1-067F-7655-4991-FB80FBDEB3CD}.Debug|Any CPU.ActiveCfg = Debug|Any CPU
		{3DD1CCD1-067F-7655-4991-FB80FBDEB3CD}.Debug|Any CPU.Build.0 = Debug|Any CPU
		{3DD1CCD1-067F-7655-4991-FB80FBDEB3CD}.Release|Any CPU.ActiveCfg = Release|Any CPU
		{3DD1CCD1-067F-7655-4991-FB80FBDEB3CD}.Release|Any CPU.Build.0 = Release|Any CPU
		{8BF1E889-F244-05B9-F5DE-87F70D5B59DD}.Debug|Any CPU.ActiveCfg = Debug|Any CPU
		{8BF1E889-F244-05B9-F5DE-87F70D5B59DD}.Debug|Any CPU.Build.0 = Debug|Any CPU
		{8BF1E889-F244-05B9-F5DE-87F70D5B59DD}.Release|Any CPU.ActiveCfg = Release|Any CPU
		{8BF1E889-F244-05B9-F5DE-87F70D5B59DD}.Release|Any CPU.Build.0 = Release|Any CPU
		{8EE9D27D-DBCE-5C2B-6E2C-3D43DD274324}.Debug|Any CPU.ActiveCfg = Debug|Any CPU
		{8EE9D27D-DBCE-5C2B-6E2C-3D43DD274324}.Debug|Any CPU.Build.0 = Debug|Any CPU
		{8EE9D27D-DBCE-5C2B-6E2C-3D43DD274324}.Release|Any CPU.ActiveCfg = Release|Any CPU
		{8EE9D27D-DBCE-5C2B-6E2C-3D43DD274324}.Release|Any CPU.Build.0 = Release|Any CPU
		{AD324492-C2B7-6390-F6B9-D0390471B736}.Debug|Any CPU.ActiveCfg = Debug|Any CPU
		{AD324492-C2B7-6390-F6B9-D0390471B736}.Debug|Any CPU.Build.0 = Debug|Any CPU
		{AD324492-C2B7-6390-F6B9-D0390471B736}.Release|Any CPU.ActiveCfg = Release|Any CPU
		{AD324492-C2B7-6390-F6B9-D0390471B736}.Release|Any CPU.Build.0 = Release|Any CPU
		{CDE90575-DFBA-48F8-17AE-95106079B08D}.Debug|Any CPU.ActiveCfg = Debug|Any CPU
		{CDE90575-DFBA-48F8-17AE-95106079B08D}.Debug|Any CPU.Build.0 = Debug|Any CPU
		{CDE90575-DFBA-48F8-17AE-95106079B08D}.Release|Any CPU.ActiveCfg = Release|Any CPU
		{CDE90575-DFBA-48F8-17AE-95106079B08D}.Release|Any CPU.Build.0 = Release|Any CPU
	EndGlobalSection
	GlobalSection(SolutionProperties) = preSolution
		HideSolutionNode = FALSE
	EndGlobalSection
EndGlobal
